
Microsoft Visual Studio Solution File, Format Version 12.00
Project("{FAE04EC0-301F-11D3-BF4B-00C04F79EFBC}") = "TestTask", "TestTask.csproj", "{F704CC41-D101-4196-B1D1-47FB3505E82C}"
EndProject
Global
	GlobalSection(SolutionConfigurationPlatforms) = preSolution
		Debug|Any CPU = Debug|Any CPU
		Release|Any CPU = Release|Any CPU
	EndGlobalSection
	GlobalSection(ProjectConfigurationPlatforms) = postSolution
		{F704CC41-D101-4196-B1D1-47FB3505E82C}.Debug|Any CPU.ActiveCfg = Debug|Any CPU
		{F704CC41-D101-4196-B1D1-47FB3505E82C}.Debug|Any CPU.Build.0 = Debug|Any CPU
		{F704CC41-D101-4196-B1D1-47FB3505E82C}.Release|Any CPU.ActiveCfg = Release|Any CPU
		{F704CC41-D101-4196-B1D1-47FB3505E82C}.Release|Any CPU.Build.0 = Release|Any CPU
	EndGlobalSection
EndGlobal
